{
  "object": {
    "pins": [
      {
        "package": "SWXMLHash",
        "repositoryURL": "git@github.com:drmohundro/SWXMLHash.git",
        "state": {
          "branch": null,
          "revision": "9183170d20857753d4f331b0ca63f73c60764bf3",
          "version": "5.0.2"
        }
      }
    ]
  },
  "version": 1
}
